# Production runtime dependencies for the optional BGP analyzer sidecar.
# Regenerate hashes when analyzer/pyproject.toml's runtime dependencies change.
structlog==25.5.0 \
    --hash=sha256:098522a3bebed9153d4570c6d0288abf80a031dfdb2048d59a49e9dc2190fc98 \
    --hash=sha256:a8453e9b9e636ec59bd9e79bbd4a72f025981b3ba0f5837aebf48f02f37a7f9f
